
Microsoft Visual Studio Solution File, Format Version 12.00
# Visual Studio Version 16
VisualStudioVersion = 16.0.29728.190
MinimumVisualStudioVersion = 10.0.40219.1
Project("{FAE04EC0-301F-11D3-BF4B-00C04F79EFBC}") = "Table", "Table\Table.csproj", "{EA510E74-56A7-4B46-B906-1DF9062AFE9F}"
EndProject
Project("{FAE04EC0-301F-11D3-BF4B-00C04F79EFBC}") = "Test_Table", "Test_Table\Test_Table.csproj", "{C58826E8-C218-472A-B164-AAD2E37CF66C}"
EndProject
Global
	GlobalSection(SolutionConfigurationPlatforms) = preSolution
		Debug|Any CPU = Debug|Any CPU
		Release|Any CPU = Release|Any CPU
	EndGlobalSection
	GlobalSection(ProjectConfigurationPlatforms) = postSolution
		{EA510E74-56A7-4B46-B906-1DF9062AFE9F}.Debug|Any CPU.ActiveCfg = Debug|Any CPU
		{EA510E74-56A7-4B46-B906-1DF9062AFE9F}.Debug|Any CPU.Build.0 = Debug|Any CPU
		{EA510E74-56A7-4B46-B906-1DF9062AFE9F}.Release|Any CPU.ActiveCfg = Release|Any CPU
		{EA510E74-56A7-4B46-B906-1DF9062AFE9F}.Release|Any CPU.Build.0 = Release|Any CPU
		{C58826E8-C218-472A-B164-AAD2E37CF66C}.Debug|Any CPU.ActiveCfg = Debug|Any CPU
		{C58826E8-C218-472A-B164-AAD2E37CF66C}.Debug|Any CPU.Build.0 = Debug|Any CPU
		{C58826E8-C218-472A-B164-AAD2E37CF66C}.Release|Any CPU.ActiveCfg = Release|Any CPU
		{C58826E8-C218-472A-B164-AAD2E37CF66C}.Release|Any CPU.Build.0 = Release|Any CPU
	EndGlobalSection
	GlobalSection(SolutionProperties) = preSolution
		HideSolutionNode = FALSE
	EndGlobalSection
	GlobalSection(ExtensibilityGlobals) = postSolution
		SolutionGuid = {9631FFC2-617F-4414-9D6A-ECAF81DC2BD0}
	EndGlobalSection
EndGlobal
